
Microsoft Visual Studio Solution File, Format Version 12.00
# Visual Studio Version 16
VisualStudioVersion = 16.0.32929.386
MinimumVisualStudioVersion = 10.0.40219.1
Project("{F184B08F-C81C-45F6-A57F-5ABD9991F28F}") = "Casesar_cipher", "Casesar_cipher.vbproj", "{EB3A0712-F2A4-43D5-86F8-B00B137538DA}"
EndProject
Global
	GlobalSection(SolutionConfigurationPlatforms) = preSolution
		Debug|Any CPU = Debug|Any CPU
		Release|Any CPU = Release|Any CPU
	EndGlobalSection
	GlobalSection(ProjectConfigurationPlatforms) = postSolution
		{EB3A0712-F2A4-43D5-86F8-B00B137538DA}.Debug|Any CPU.ActiveCfg = Debug|Any CPU
		{EB3A0712-F2A4-43D5-86F8-B00B137538DA}.Debug|Any CPU.Build.0 = Debug|Any CPU
		{EB3A0712-F2A4-43D5-86F8-B00B137538DA}.Release|Any CPU.ActiveCfg = Release|Any CPU
		{EB3A0712-F2A4-43D5-86F8-B00B137538DA}.Release|Any CPU.Build.0 = Release|Any CPU
	EndGlobalSection
	GlobalSection(SolutionProperties) = preSolution
		HideSolutionNode = FALSE
	EndGlobalSection
	GlobalSection(ExtensibilityGlobals) = postSolution
		SolutionGuid = {E0B69610-ACC3-4951-9FE8-FF46836D78D8}
	EndGlobalSection
EndGlobal
